
Microsoft Visual Studio Solution File, Format Version 12.00
# Visual Studio Version 17
VisualStudioVersion = 17.0.31903.59
MinimumVisualStudioVersion = 10.0.40219.1
Project("{2150E333-8FDC-42A3-9474-1A3956D46DE8}") = "src", "src", "{C83B7A2F-CF39-45C5-B6AF-E12DF621995A}"
EndProject
Project("{F2A71F9B-5D33-465A-A702-920D77279786}") = "SizedSeq", "src\SizedSeq\SizedSeq.fsproj", "{BCE4A2F4-C43B-474E-AEE1-9A68E73AB000}"
EndProject
Project("{2150E333-8FDC-42A3-9474-1A3956D46DE8}") = "test", "test", "{2EEDB3E1-3944-4D4E-9AA4-F28A74DE9714}"
EndProject
Project("{F2A71F9B-5D33-465A-A702-920D77279786}") = "SizedSeq.Tests", "test\SizedSeq.Tests\SizedSeq.Tests.fsproj", "{B9056AEE-A5DB-401F-AF42-D857A96563A4}"
EndProject
Global
	GlobalSection(SolutionConfigurationPlatforms) = preSolution
		Debug|Any CPU = Debug|Any CPU
		Release|Any CPU = Release|Any CPU
	EndGlobalSection
	GlobalSection(SolutionProperties) = preSolution
		HideSolutionNode = FALSE
	EndGlobalSection
	GlobalSection(ProjectConfigurationPlatforms) = postSolution
		{BCE4A2F4-C43B-474E-AEE1-9A68E73AB000}.Debug|Any CPU.ActiveCfg = Debug|Any CPU
		{BCE4A2F4-C43B-474E-AEE1-9A68E73AB000}.Debug|Any CPU.Build.0 = Debug|Any CPU
		{BCE4A2F4-C43B-474E-AEE1-9A68E73AB000}.Release|Any CPU.ActiveCfg = Release|Any CPU
		{BCE4A2F4-C43B-474E-AEE1-9A68E73AB000}.Release|Any CPU.Build.0 = Release|Any CPU
		{B9056AEE-A5DB-401F-AF42-D857A96563A4}.Debug|Any CPU.ActiveCfg = Debug|Any CPU
		{B9056AEE-A5DB-401F-AF42-D857A96563A4}.Debug|Any CPU.Build.0 = Debug|Any CPU
		{B9056AEE-A5DB-401F-AF42-D857A96563A4}.Release|Any CPU.ActiveCfg = Release|Any CPU
		{B9056AEE-A5DB-401F-AF42-D857A96563A4}.Release|Any CPU.Build.0 = Release|Any CPU
	EndGlobalSection
	GlobalSection(NestedProjects) = preSolution
		{BCE4A2F4-C43B-474E-AEE1-9A68E73AB000} = {C83B7A2F-CF39-45C5-B6AF-E12DF621995A}
		{B9056AEE-A5DB-401F-AF42-D857A96563A4} = {2EEDB3E1-3944-4D4E-9AA4-F28A74DE9714}
	EndGlobalSection
EndGlobal
